{
  "name": "nagaudio",
  "version": "1.0.0",
  "lockfileVersion": 1,
  "requires": true,
  "dependencies": {
    "@types/node": {
      "version": "12.19.13",
      "resolved": "https://registry.npmjs.org/@types/node/-/node-12.19.13.tgz",
      "integrity": "sha512-qdixo2f0U7z6m0UJUugTJqVF94GNDkdgQhfBtMs8t5898JE7G/D2kJYw4rc1nzjIPLVAsDkY2MdABnLAP5lM1w=="
    },
    "eventemitter3": {
      "version": "4.0.7",
      "resolved": "https://registry.npmjs.org/eventemitter3/-/eventemitter3-4.0.7.tgz",
      "integrity": "sha512-8guHBZCwKnFhYdHr2ysuRWErTwhoN2X8XELRlrRwpmfeY2jjuUN4taQMsULKUVo1K4DvZl+0pgfyoysHxvmvEw=="
    },
    "mpc-js": {
      "version": "1.3.0",
      "resolved": "https://registry.npmjs.org/mpc-js/-/mpc-js-1.3.0.tgz",
      "integrity": "sha512-b77g2qCasaVV7/YXTOeg+lE46X3ufLRnKkSojV7p7vx9IjUzncJiDr0t53X69qd/vtfAJmrGvr4szeqaXpRbtQ==",
      "requires": {
        "@types/node": "^12.12.36",
        "mpc-js-core": "^1.3.0"
      }
    },
    "mpc-js-core": {
      "version": "1.3.1",
      "resolved": "https://registry.npmjs.org/mpc-js-core/-/mpc-js-core-1.3.1.tgz",
      "integrity": "sha512-rnOwAxW4xq20Bb79rcELMjdOzXl13YINnSH/xDd/M3aLqS7hOGmYnA4BG5CVV+KkN3dz2Kbsvr+KxPBWKT06ow==",
      "requires": {
        "eventemitter3": "^4.0.0"
      }
    },
    "ws": {
      "version": "7.4.2",
      "resolved": "https://registry.npmjs.org/ws/-/ws-7.4.2.tgz",
      "integrity": "sha512-T4tewALS3+qsrpGI/8dqNMLIVdq/g/85U98HPMa6F0m6xTbvhXU6RCQLqPH3+SlomNV/LdY6RXEbBpMH6EOJnA=="
    }
  }
}
